
Microsoft Visual Studio Solution File, Format Version 11.00
# Visual Studio 2010
Project("{FAE04EC0-301F-11D3-BF4B-00C04F79EFBC}") = "Pnt", "Pnt\Pnt.csproj", "{A1D69AF4-0D15-4F52-86CA-8503E1638540}"
EndProject
Global
	GlobalSection(SolutionConfigurationPlatforms) = preSolution
		Debug|x86 = Debug|x86
		Release|x86 = Release|x86
	EndGlobalSection
	GlobalSection(ProjectConfigurationPlatforms) = postSolution
		{A1D69AF4-0D15-4F52-86CA-8503E1638540}.Debug|x86.ActiveCfg = Debug|x86
		{A1D69AF4-0D15-4F52-86CA-8503E1638540}.Debug|x86.Build.0 = Debug|x86
		{A1D69AF4-0D15-4F52-86CA-8503E1638540}.Release|x86.ActiveCfg = Release|x86
		{A1D69AF4-0D15-4F52-86CA-8503E1638540}.Release|x86.Build.0 = Release|x86
	EndGlobalSection
	GlobalSection(SolutionProperties) = preSolution
		HideSolutionNode = FALSE
	EndGlobalSection
EndGlobal
